
Microsoft Visual Studio Solution File, Format Version 12.00
# Visual Studio Version 16
VisualStudioVersion = 16.0.30406.217
MinimumVisualStudioVersion = 10.0.40219.1
Project("{FAE04EC0-301F-11D3-BF4B-00C04F79EFBC}") = "DontForgetToStoreIt08172020", "DontForgetToStoreIt08172020.csproj", "{76F8E076-4364-4345-9ABA-7C16FC172C00}"
EndProject
Global
	GlobalSection(SolutionConfigurationPlatforms) = preSolution
		Debug|Any CPU = Debug|Any CPU
		Release|Any CPU = Release|Any CPU
	EndGlobalSection
	GlobalSection(ProjectConfigurationPlatforms) = postSolution
		{76F8E076-4364-4345-9ABA-7C16FC172C00}.Debug|Any CPU.ActiveCfg = Debug|Any CPU
		{76F8E076-4364-4345-9ABA-7C16FC172C00}.Debug|Any CPU.Build.0 = Debug|Any CPU
		{76F8E076-4364-4345-9ABA-7C16FC172C00}.Release|Any CPU.ActiveCfg = Release|Any CPU
		{76F8E076-4364-4345-9ABA-7C16FC172C00}.Release|Any CPU.Build.0 = Release|Any CPU
	EndGlobalSection
	GlobalSection(SolutionProperties) = preSolution
		HideSolutionNode = FALSE
	EndGlobalSection
	GlobalSection(ExtensibilityGlobals) = postSolution
		SolutionGuid = {638F7C62-9B10-4A6F-B742-E78692CE004E}
	EndGlobalSection
EndGlobal
